// !$*UTF8*$!
{
	archiveVersion = 1;
	classes = {
	};
	objectVersion = 50;
	objects = {

/* Begin PBXBuildFile section */
		76102B9721450E67008D6038 /* MovieCell.xib in Resources */ = {isa = PBXBuildFile; fileRef = 76102B9621450E67008D6038 /* MovieCell.xib */; };
		76102B9921450ECB008D6038 /* MovieCell.swift in Sources */ = {isa = PBXBuildFile; fileRef = 76102B9821450ECB008D6038 /* MovieCell.swift */; };
		76102B9F21450F90008D6038 /* MoviesViewController.swift in Sources */ = {isa = PBXBuildFile; fileRef = 76102B9E21450F90008D6038 /* MoviesViewController.swift */; };
		76102BA121450F9E008D6038 /* Appearance.swift in Sources */ = {isa = PBXBuildFile; fileRef = 76102BA021450F9E008D6038 /* Appearance.swift */; };
		76102BA32145107E008D6038 /* BaseViewController.swift in Sources */ = {isa = PBXBuildFile; fileRef = 76102BA22145107E008D6038 /* BaseViewController.swift */; };
		76388AE72145249B00496284 /* MoviesListViewModel.swift in Sources */ = {isa = PBXBuildFile; fileRef = 76388AE62145249B00496284 /* MoviesListViewModel.swift */; };
		76388AE92145256D00496284 /* SearchType.swift in Sources */ = {isa = PBXBuildFile; fileRef = 76388AE82145256D00496284 /* SearchType.swift */; };
		76388AEB214528DD00496284 /* MoviesResult.swift in Sources */ = {isa = PBXBuildFile; fileRef = 76388AEA214528DD00496284 /* MoviesResult.swift */; };
		76388AED21452B6700496284 /* MoviesViewModelTest.swift in Sources */ = {isa = PBXBuildFile; fileRef = 76388AEC21452B6700496284 /* MoviesViewModelTest.swift */; };
		76388AEF21452E6400496284 /* Info.plist in Resources */ = {isa = PBXBuildFile; fileRef = 76388AEE21452E6400496284 /* Info.plist */; };
		76388AF12145313400496284 /* TestData.swift in Sources */ = {isa = PBXBuildFile; fileRef = 76388AF02145313400496284 /* TestData.swift */; };
		7640519421453A170048D067 /* UIExtensions.swift in Sources */ = {isa = PBXBuildFile; fileRef = 7640519321453A170048D067 /* UIExtensions.swift */; };
		7640519621453EC40048D067 /* RestMovieProvider.swift in Sources */ = {isa = PBXBuildFile; fileRef = 7640519521453EC40048D067 /* RestMovieProvider.swift */; };
		7640519821453F3F0048D067 /* RestService.swift in Sources */ = {isa = PBXBuildFile; fileRef = 7640519721453F3F0048D067 /* RestService.swift */; };
		7640519C21454A560048D067 /* MappingExtensions.swift in Sources */ = {isa = PBXBuildFile; fileRef = 7640519B21454A560048D067 /* MappingExtensions.swift */; };
		7640519E2145563A0048D067 /* MovieDetailsViewController.swift in Sources */ = {isa = PBXBuildFile; fileRef = 7640519D2145563A0048D067 /* MovieDetailsViewController.swift */; };
		764051A0214557B20048D067 /* MovieDetailsView.swift in Sources */ = {isa = PBXBuildFile; fileRef = 7640519F214557B20048D067 /* MovieDetailsView.swift */; };
		7652D512214512BA00D3A706 /* Movie.swift in Sources */ = {isa = PBXBuildFile; fileRef = 7652D511214512BA00D3A706 /* Movie.swift */; };
		768911612145073C00F217ED /* AppDelegate.swift in Sources */ = {isa = PBXBuildFile; fileRef = 768911602145073C00F217ED /* AppDelegate.swift */; };
		768911662145073C00F217ED /* Main.storyboard in Resources */ = {isa = PBXBuildFile; fileRef = 768911642145073C00F217ED /* Main.storyboard */; };
		768911682145073D00F217ED /* Assets.xcassets in Resources */ = {isa = PBXBuildFile; fileRef = 768911672145073D00F217ED /* Assets.xcassets */; };
		7689116B2145073D00F217ED /* LaunchScreen.storyboard in Resources */ = {isa = PBXBuildFile; fileRef = 768911692145073D00F217ED /* LaunchScreen.storyboard */; };
/* End PBXBuildFile section */

/* Begin PBXContainerItemProxy section */
		768911722145073D00F217ED /* PBXContainerItemProxy */ = {
			isa = PBXContainerItemProxy;
			containerPortal = 768911552145073C00F217ED /* Project object */;
			proxyType = 1;
			remoteGlobalIDString = 7689115C2145073C00F217ED;
			remoteInfo = MovieDB;
		};
/* End PBXContainerItemProxy section */

/* Begin PBXFileReference section */
		76102B9621450E67008D6038 /* MovieCell.xib */ = {isa = PBXFileReference; lastKnownFileType = file.xib; path = MovieCell.xib; sourceTree = "<group>"; };
		76102B9821450ECB008D6038 /* MovieCell.swift */ = {isa = PBXFileReference; lastKnownFileType = sourcecode.swift; path = MovieCell.swift; sourceTree = "<group>"; };
		76102B9E21450F90008D6038 /* MoviesViewController.swift */ = {isa = PBXFileReference; lastKnownFileType = sourcecode.swift; path = MoviesViewController.swift; sourceTree = "<group>"; };
		76102BA021450F9E008D6038 /* Appearance.swift */ = {isa = PBXFileReference; lastKnownFileType = sourcecode.swift; path = Appearance.swift; sourceTree = "<group>"; };
		76102BA22145107E008D6038 /* BaseViewController.swift */ = {isa = PBXFileReference; lastKnownFileType = sourcecode.swift; path = BaseViewController.swift; sourceTree = "<group>"; };
		76388AE62145249B00496284 /* MoviesListViewModel.swift */ = {isa = PBXFileReference; lastKnownFileType = sourcecode.swift; path = MoviesListViewModel.swift; sourceTree = "<group>"; };
		76388AE82145256D00496284 /* SearchType.swift */ = {isa = PBXFileReference; lastKnownFileType = sourcecode.swift; path = SearchType.swift; sourceTree = "<group>"; };
		76388AEA214528DD00496284 /* MoviesResult.swift */ = {isa = PBXFileReference; lastKnownFileType = sourcecode.swift; path = MoviesResult.swift; sourceTree = "<group>"; };
		76388AEC21452B6700496284 /* MoviesViewModelTest.swift */ = {isa = PBXFileReference; lastKnownFileType = sourcecode.swift; path = MoviesViewModelTest.swift; sourceTree = "<group>"; };
		76388AEE21452E6400496284 /* Info.plist */ = {isa = PBXFileReference; fileEncoding = 4; lastKnownFileType = text.plist.xml; path = Info.plist; sourceTree = "<group>"; };
		76388AF02145313400496284 /* TestData.swift */ = {isa = PBXFileReference; lastKnownFileType = sourcecode.swift; path = TestData.swift; sourceTree = "<group>"; };
		7640519321453A170048D067 /* UIExtensions.swift */ = {isa = PBXFileReference; lastKnownFileType = sourcecode.swift; path = UIExtensions.swift; sourceTree = "<group>"; };
		7640519521453EC40048D067 /* RestMovieProvider.swift */ = {isa = PBXFileReference; lastKnownFileType = sourcecode.swift; path = RestMovieProvider.swift; sourceTree = "<group>"; };
		7640519721453F3F0048D067 /* RestService.swift */ = {isa = PBXFileReference; lastKnownFileType = sourcecode.swift; path = RestService.swift; sourceTree = "<group>"; };
		7640519B21454A560048D067 /* MappingExtensions.swift */ = {isa = PBXFileReference; lastKnownFileType = sourcecode.swift; path = MappingExtensions.swift; sourceTree = "<group>"; };
		7640519D2145563A0048D067 /* MovieDetailsViewController.swift */ = {isa = PBXFileReference; lastKnownFileType = sourcecode.swift; path = MovieDetailsViewController.swift; sourceTree = "<group>"; };
		7640519F214557B20048D067 /* MovieDetailsView.swift */ = {isa = PBXFileReference; lastKnownFileType = sourcecode.swift; path = MovieDetailsView.swift; sourceTree = "<group>"; };
		7652D511214512BA00D3A706 /* Movie.swift */ = {isa = PBXFileReference; lastKnownFileType = sourcecode.swift; path = Movie.swift; sourceTree = "<group>"; };
		7689115D2145073C00F217ED /* MovieDB.app */ = {isa = PBXFileReference; explicitFileType = wrapper.application; includeInIndex = 0; path = MovieDB.app; sourceTree = BUILT_PRODUCTS_DIR; };
		768911602145073C00F217ED /* AppDelegate.swift */ = {isa = PBXFileReference; lastKnownFileType = sourcecode.swift; path = AppDelegate.swift; sourceTree = "<group>"; };
		768911652145073C00F217ED /* Base */ = {isa = PBXFileReference; lastKnownFileType = file.storyboard; name = Base; path = Base.lproj/Main.storyboard; sourceTree = "<group>"; };
		768911672145073D00F217ED /* Assets.xcassets */ = {isa = PBXFileReference; lastKnownFileType = folder.assetcatalog; path = Assets.xcassets; sourceTree = "<group>"; };
		7689116A2145073D00F217ED /* Base */ = {isa = PBXFileReference; lastKnownFileType = file.storyboard; name = Base; path = Base.lproj/LaunchScreen.storyboard; sourceTree = "<group>"; };
		768911712145073D00F217ED /* MovieDBTests.xctest */ = {isa = PBXFileReference; explicitFileType = wrapper.cfbundle; includeInIndex = 0; path = MovieDBTests.xctest; sourceTree = BUILT_PRODUCTS_DIR; };
		768911772145073D00F217ED /* Info.plist */ = {isa = PBXFileReference; lastKnownFileType = text.plist.xml; path = Info.plist; sourceTree = "<group>"; };
/* End PBXFileReference section */

/* Begin PBXFrameworksBuildPhase section */
		7689115A2145073C00F217ED /* Frameworks */ = {
			isa = PBXFrameworksBuildPhase;
			buildActionMask = 2147483647;
			files = (
			);
			runOnlyForDeploymentPostprocessing = 0;
		};
		7689116E2145073D00F217ED /* Frameworks */ = {
			isa = PBXFrameworksBuildPhase;
			buildActionMask = 2147483647;
			files = (
			);
			runOnlyForDeploymentPostprocessing = 0;
		};
/* End PBXFrameworksBuildPhase section */

/* Begin PBXGroup section */
		76102B9521450E56008D6038 /* Cells */ = {
			isa = PBXGroup;
			children = (
				76102B9621450E67008D6038 /* MovieCell.xib */,
				76102B9821450ECB008D6038 /* MovieCell.swift */,
			);
			path = Cells;
			sourceTree = "<group>";
		};
		76102B9A21450F1B008D6038 /* Extensions */ = {
			isa = PBXGroup;
			children = (
				7640519321453A170048D067 /* UIExtensions.swift */,
				7640519B21454A560048D067 /* MappingExtensions.swift */,
			);
			path = Extensions;
			sourceTree = "<group>";
		};
		76102B9B21450F33008D6038 /* Main */ = {
			isa = PBXGroup;
			children = (
				768911602145073C00F217ED /* AppDelegate.swift */,
				768911672145073D00F217ED /* Assets.xcassets */,
			);
			path = Main;
			sourceTree = "<group>";
		};
		76102B9C21450F6E008D6038 /* ViewControllers */ = {
			isa = PBXGroup;
			children = (
				76102BA22145107E008D6038 /* BaseViewController.swift */,
				76102B9E21450F90008D6038 /* MoviesViewController.swift */,
				7640519D2145563A0048D067 /* MovieDetailsViewController.swift */,
			);
			path = ViewControllers;
			sourceTree = "<group>";
		};
		76102B9D21450F7C008D6038 /* Communication */ = {
			isa = PBXGroup;
			children = (
				7640519521453EC40048D067 /* RestMovieProvider.swift */,
				7640519721453F3F0048D067 /* RestService.swift */,
			);
			path = Communication;
			sourceTree = "<group>";
		};
		76388AE52145247700496284 /* ViewModel */ = {
			isa = PBXGroup;
			children = (
				76388AE62145249B00496284 /* MoviesListViewModel.swift */,
			);
			path = ViewModel;
			sourceTree = "<group>";
		};
		7652D510214512AF00D3A706 /* Model */ = {
			isa = PBXGroup;
			children = (
				7652D511214512BA00D3A706 /* Movie.swift */,
				76388AE82145256D00496284 /* SearchType.swift */,
				76388AEA214528DD00496284 /* MoviesResult.swift */,
			);
			path = Model;
			sourceTree = "<group>";
		};
		768911542145073C00F217ED = {
			isa = PBXGroup;
			children = (
				7689115F2145073C00F217ED /* MovieDB */,
				768911742145073D00F217ED /* MovieDBTests */,
				7689115E2145073C00F217ED /* Products */,
			);
			sourceTree = "<group>";
		};
		7689115E2145073C00F217ED /* Products */ = {
			isa = PBXGroup;
			children = (
				7689115D2145073C00F217ED /* MovieDB.app */,
				768911712145073D00F217ED /* MovieDBTests.xctest */,
			);
			name = Products;
			sourceTree = "<group>";
		};
		7689115F2145073C00F217ED /* MovieDB */ = {
			isa = PBXGroup;
			children = (
				76388AEE21452E6400496284 /* Info.plist */,
				76102B9D21450F7C008D6038 /* Communication */,
				76102B9A21450F1B008D6038 /* Extensions */,
				76102B9B21450F33008D6038 /* Main */,
				7652D510214512AF00D3A706 /* Model */,
				7689118021450B4C00F217ED /* UI */,
				76102B9C21450F6E008D6038 /* ViewControllers */,
				76388AE52145247700496284 /* ViewModel */,
			);
			path = MovieDB;
			sourceTree = "<group>";
		};
		768911742145073D00F217ED /* MovieDBTests */ = {
			isa = PBXGroup;
			children = (
				768911772145073D00F217ED /* Info.plist */,
				76388AEC21452B6700496284 /* MoviesViewModelTest.swift */,
				76388AF02145313400496284 /* TestData.swift */,
			);
			path = MovieDBTests;
			sourceTree = "<group>";
		};
		7689118021450B4C00F217ED /* UI */ = {
			isa = PBXGroup;
			children = (
				76102B9521450E56008D6038 /* Cells */,
				768911692145073D00F217ED /* LaunchScreen.storyboard */,
				768911642145073C00F217ED /* Main.storyboard */,
				76102BA021450F9E008D6038 /* Appearance.swift */,
				7640519F214557B20048D067 /* MovieDetailsView.swift */,
			);
			path = UI;
			sourceTree = "<group>";
		};
/* End PBXGroup section */

/* Begin PBXNativeTarget section */
		7689115C2145073C00F217ED /* MovieDB */ = {
			isa = PBXNativeTarget;
			buildConfigurationList = 7689117A2145073D00F217ED /* Build configuration list for PBXNativeTarget "MovieDB" */;
			buildPhases = (
				768911592145073C00F217ED /* Sources */,
				7689115A2145073C00F217ED /* Frameworks */,
				7689115B2145073C00F217ED /* Resources */,
			);
			buildRules = (
			);
			dependencies = (
			);
			name = MovieDB;
			productName = MovieDB;
			productReference = 7689115D2145073C00F217ED /* MovieDB.app */;
			productType = "com.apple.product-type.application";
		};
		768911702145073D00F217ED /* MovieDBTests */ = {
			isa = PBXNativeTarget;
			buildConfigurationList = 7689117D2145073D00F217ED /* Build configuration list for PBXNativeTarget "MovieDBTests" */;
			buildPhases = (
				7689116D2145073D00F217ED /* Sources */,
				7689116E2145073D00F217ED /* Frameworks */,
				7689116F2145073D00F217ED /* Resources */,
			);
			buildRules = (
			);
			dependencies = (
				768911732145073D00F217ED /* PBXTargetDependency */,
			);
			name = MovieDBTests;
			productName = MovieDBTests;
			productReference = 768911712145073D00F217ED /* MovieDBTests.xctest */;
			productType = "com.apple.product-type.bundle.unit-test";
		};
/* End PBXNativeTarget section */

/* Begin PBXProject section */
		768911552145073C00F217ED /* Project object */ = {
			isa = PBXProject;
			attributes = {
				LastSwiftUpdateCheck = 0940;
				LastUpgradeCheck = 0940;
				ORGANIZATIONNAME = aron;
				TargetAttributes = {
					7689115C2145073C00F217ED = {
						CreatedOnToolsVersion = 9.4.1;
					};
					768911702145073D00F217ED = {
						CreatedOnToolsVersion = 9.4.1;
						TestTargetID = 7689115C2145073C00F217ED;
					};
				};
			};
			buildConfigurationList = 768911582145073C00F217ED /* Build configuration list for PBXProject "MovieDB" */;
			compatibilityVersion = "Xcode 9.3";
			developmentRegion = en;
			hasScannedForEncodings = 0;
			knownRegions = (
				en,
				Base,
			);
			mainGroup = 768911542145073C00F217ED;
			productRefGroup = 7689115E2145073C00F217ED /* Products */;
			projectDirPath = "";
			projectRoot = "";
			targets = (
				7689115C2145073C00F217ED /* MovieDB */,
				768911702145073D00F217ED /* MovieDBTests */,
			);
		};
/* End PBXProject section */

/* Begin PBXResourcesBuildPhase section */
		7689115B2145073C00F217ED /* Resources */ = {
			isa = PBXResourcesBuildPhase;
			buildActionMask = 2147483647;
			files = (
				7689116B2145073D00F217ED /* LaunchScreen.storyboard in Resources */,
				768911682145073D00F217ED /* Assets.xcassets in Resources */,
				76102B9721450E67008D6038 /* MovieCell.xib in Resources */,
				76388AEF21452E6400496284 /* Info.plist in Resources */,
				768911662145073C00F217ED /* Main.storyboard in Resources */,
			);
			runOnlyForDeploymentPostprocessing = 0;
		};
		7689116F2145073D00F217ED /* Resources */ = {
			isa = PBXResourcesBuildPhase;
			buildActionMask = 2147483647;
			files = (
			);
			runOnlyForDeploymentPostprocessing = 0;
		};
/* End PBXResourcesBuildPhase section */

/* Begin PBXSourcesBuildPhase section */
		768911592145073C00F217ED /* Sources */ = {
			isa = PBXSourcesBuildPhase;
			buildActionMask = 2147483647;
			files = (
				76102BA121450F9E008D6038 /* Appearance.swift in Sources */,
				768911612145073C00F217ED /* AppDelegate.swift in Sources */,
				7640519621453EC40048D067 /* RestMovieProvider.swift in Sources */,
				7652D512214512BA00D3A706 /* Movie.swift in Sources */,
				7640519421453A170048D067 /* UIExtensions.swift in Sources */,
				76388AE92145256D00496284 /* SearchType.swift in Sources */,
				76388AEB214528DD00496284 /* MoviesResult.swift in Sources */,
				76102B9921450ECB008D6038 /* MovieCell.swift in Sources */,
				76388AE72145249B00496284 /* MoviesListViewModel.swift in Sources */,
				764051A0214557B20048D067 /* MovieDetailsView.swift in Sources */,
				7640519C21454A560048D067 /* MappingExtensions.swift in Sources */,
				7640519E2145563A0048D067 /* MovieDetailsViewController.swift in Sources */,
				76102B9F21450F90008D6038 /* MoviesViewController.swift in Sources */,
				76102BA32145107E008D6038 /* BaseViewController.swift in Sources */,
				7640519821453F3F0048D067 /* RestService.swift in Sources */,
			);
			runOnlyForDeploymentPostprocessing = 0;
		};
		7689116D2145073D00F217ED /* Sources */ = {
			isa = PBXSourcesBuildPhase;
			buildActionMask = 2147483647;
			files = (
				76388AED21452B6700496284 /* MoviesViewModelTest.swift in Sources */,
				76388AF12145313400496284 /* TestData.swift in Sources */,
			);
			runOnlyForDeploymentPostprocessing = 0;
		};
/* End PBXSourcesBuildPhase section */

/* Begin PBXTargetDependency section */
		768911732145073D00F217ED /* PBXTargetDependency */ = {
			isa = PBXTargetDependency;
			target = 7689115C2145073C00F217ED /* MovieDB */;
			targetProxy = 768911722145073D00F217ED /* PBXContainerItemProxy */;
		};
/* End PBXTargetDependency section */

/* Begin PBXVariantGroup section */
		768911642145073C00F217ED /* Main.storyboard */ = {
			isa = PBXVariantGroup;
			children = (
				768911652145073C00F217ED /* Base */,
			);
			name = Main.storyboard;
			sourceTree = "<group>";
		};
		768911692145073D00F217ED /* LaunchScreen.storyboard */ = {
			isa = PBXVariantGroup;
			children = (
				7689116A2145073D00F217ED /* Base */,
			);
			name = LaunchScreen.storyboard;
			sourceTree = "<group>";
		};
/* End PBXVariantGroup section */

/* Begin XCBuildConfiguration section */
		768911782145073D00F217ED /* Debug */ = {
			isa = XCBuildConfiguration;
			buildSettings = {
				ALWAYS_SEARCH_USER_PATHS = NO;
				CLANG_ANALYZER_NONNULL = YES;
				CLANG_ANALYZER_NUMBER_OBJECT_CONVERSION = YES_AGGRESSIVE;
				CLANG_CXX_LANGUAGE_STANDARD = "gnu++14";
				CLANG_CXX_LIBRARY = "libc++";
				CLANG_ENABLE_MODULES = YES;
				CLANG_ENABLE_OBJC_ARC = YES;
				CLANG_ENABLE_OBJC_WEAK = YES;
				CLANG_WARN_BLOCK_CAPTURE_AUTORELEASING = YES;
				CLANG_WARN_BOOL_CONVERSION = YES;
				CLANG_WARN_COMMA = YES;
				CLANG_WARN_CONSTANT_CONVERSION = YES;
				CLANG_WARN_DEPRECATED_OBJC_IMPLEMENTATIONS = YES;
				CLANG_WARN_DIRECT_OBJC_ISA_USAGE = YES_ERROR;
				CLANG_WARN_DOCUMENTATION_COMMENTS = YES;
				CLANG_WARN_EMPTY_BODY = YES;
				CLANG_WARN_ENUM_CONVERSION = YES;
				CLANG_WARN_INFINITE_RECURSION = YES;
				CLANG_WARN_INT_CONVERSION = YES;
				CLANG_WARN_NON_LITERAL_NULL_CONVERSION = YES;
				CLANG_WARN_OBJC_IMPLICIT_RETAIN_SELF = YES;
				CLANG_WARN_OBJC_LITERAL_CONVERSION = YES;
				CLANG_WARN_OBJC_ROOT_CLASS = YES_ERROR;
				CLANG_WARN_RANGE_LOOP_ANALYSIS = YES;
				CLANG_WARN_STRICT_PROTOTYPES = YES;
				CLANG_WARN_SUSPICIOUS_MOVE = YES;
				CLANG_WARN_UNGUARDED_AVAILABILITY = YES_AGGRESSIVE;
				CLANG_WARN_UNREACHABLE_CODE = YES;
				CLANG_WARN__DUPLICATE_METHOD_MATCH = YES;
				CODE_SIGN_IDENTITY = "iPhone Developer";
				COPY_PHASE_STRIP = NO;
				DEBUG_INFORMATION_FORMAT = dwarf;
				ENABLE_STRICT_OBJC_MSGSEND = YES;
				ENABLE_TESTABILITY = YES;
				GCC_C_LANGUAGE_STANDARD = gnu11;
				GCC_DYNAMIC_NO_PIC = NO;
				GCC_NO_COMMON_BLOCKS = YES;
				GCC_OPTIMIZATION_LEVEL = 0;
				GCC_PREPROCESSOR_DEFINITIONS = (
					"DEBUG=1",
					"$(inherited)",
				);
				GCC_WARN_64_TO_32_BIT_CONVERSION = YES;
				GCC_WARN_ABOUT_RETURN_TYPE = YES_ERROR;
				GCC_WARN_UNDECLARED_SELECTOR = YES;
				GCC_WARN_UNINITIALIZED_AUTOS = YES_AGGRESSIVE;
				GCC_WARN_UNUSED_FUNCTION = YES;
				GCC_WARN_UNUSED_VARIABLE = YES;
				IPHONEOS_DEPLOYMENT_TARGET = 11.4;
				MTL_ENABLE_DEBUG_INFO = YES;
				ONLY_ACTIVE_ARCH = YES;
				SDKROOT = iphoneos;
				SWIFT_ACTIVE_COMPILATION_CONDITIONS = DEBUG;
				SWIFT_OPTIMIZATION_LEVEL = "-Onone";
			};
			name = Debug;
		};
		768911792145073D00F217ED /* Release */ = {
			isa = XCBuildConfiguration;
			buildSettings = {
				ALWAYS_SEARCH_USER_PATHS = NO;
				CLANG_ANALYZER_NONNULL = YES;
				CLANG_ANALYZER_NUMBER_OBJECT_CONVERSION = YES_AGGRESSIVE;
				CLANG_CXX_LANGUAGE_STANDARD = "gnu++14";
				CLANG_CXX_LIBRARY = "libc++";
				CLANG_ENABLE_MODULES = YES;
				CLANG_ENABLE_OBJC_ARC = YES;
				CLANG_ENABLE_OBJC_WEAK = YES;
				CLANG_WARN_BLOCK_CAPTURE_AUTORELEASING = YES;
				CLANG_WARN_BOOL_CONVERSION = YES;
				CLANG_WARN_COMMA = YES;
				CLANG_WARN_CONSTANT_CONVERSION = YES;
				CLANG_WARN_DEPRECATED_OBJC_IMPLEMENTATIONS = YES;
				CLANG_WARN_DIRECT_OBJC_ISA_USAGE = YES_ERROR;
				CLANG_WARN_DOCUMENTATION_COMMENTS = YES;
				CLANG_WARN_EMPTY_BODY = YES;
				CLANG_WARN_ENUM_CONVERSION = YES;
				CLANG_WARN_INFINITE_RECURSION = YES;
				CLANG_WARN_INT_CONVERSION = YES;
				CLANG_WARN_NON_LITERAL_NULL_CONVERSION = YES;
				CLANG_WARN_OBJC_IMPLICIT_RETAIN_SELF = YES;
				CLANG_WARN_OBJC_LITERAL_CONVERSION = YES;
				CLANG_WARN_OBJC_ROOT_CLASS = YES_ERROR;
				CLANG_WARN_RANGE_LOOP_ANALYSIS = YES;
				CLANG_WARN_STRICT_PROTOTYPES = YES;
				CLANG_WARN_SUSPICIOUS_MOVE = YES;
				CLANG_WARN_UNGUARDED_AVAILABILITY = YES_AGGRESSIVE;
				CLANG_WARN_UNREACHABLE_CODE = YES;
				CLANG_WARN__DUPLICATE_METHOD_MATCH = YES;
				CODE_SIGN_IDENTITY = "iPhone Developer";
				COPY_PHASE_STRIP = NO;
				DEBUG_INFORMATION_FORMAT = "dwarf-with-dsym";
				ENABLE_NS_ASSERTIONS = NO;
				ENABLE_STRICT_OBJC_MSGSEND = YES;
				GCC_C_LANGUAGE_STANDARD = gnu11;
				GCC_NO_COMMON_BLOCKS = YES;
				GCC_WARN_64_TO_32_BIT_CONVERSION = YES;
				GCC_WARN_ABOUT_RETURN_TYPE = YES_ERROR;
				GCC_WARN_UNDECLARED_SELECTOR = YES;
				GCC_WARN_UNINITIALIZED_AUTOS = YES_AGGRESSIVE;
				GCC_WARN_UNUSED_FUNCTION = YES;
				GCC_WARN_UNUSED_VARIABLE = YES;
				IPHONEOS_DEPLOYMENT_TARGET = 11.4;
				MTL_ENABLE_DEBUG_INFO = NO;
				SDKROOT = iphoneos;
				SWIFT_COMPILATION_MODE = wholemodule;
				SWIFT_OPTIMIZATION_LEVEL = "-O";
				VALIDATE_PRODUCT = YES;
			};
			name = Release;
		};
		7689117B2145073D00F217ED /* Debug */ = {
			isa = XCBuildConfiguration;
			buildSettings = {
				ASSETCATALOG_COMPILER_APPICON_NAME = AppIcon;
				CODE_SIGN_STYLE = Automatic;
				INFOPLIST_FILE = MovieDB/Info.plist;
				LD_RUNPATH_SEARCH_PATHS = (
					"$(inherited)",
					"@executable_path/Frameworks",
				);
				PRODUCT_BUNDLE_IDENTIFIER = nl.aron.MovieDB;
				PRODUCT_NAME = "$(TARGET_NAME)";
				SWIFT_VERSION = 4.0;
				TARGETED_DEVICE_FAMILY = "1,2";
			};
			name = Debug;
		};
		7689117C2145073D00F217ED /* Release */ = {
			isa = XCBuildConfiguration;
			buildSettings = {
				ASSETCATALOG_COMPILER_APPICON_NAME = AppIcon;
				CODE_SIGN_STYLE = Automatic;
				INFOPLIST_FILE = MovieDB/Info.plist;
				LD_RUNPATH_SEARCH_PATHS = (
					"$(inherited)",
					"@executable_path/Frameworks",
				);
				PRODUCT_BUNDLE_IDENTIFIER = nl.aron.MovieDB;
				PRODUCT_NAME = "$(TARGET_NAME)";
				SWIFT_VERSION = 4.0;
				TARGETED_DEVICE_FAMILY = "1,2";
			};
			name = Release;
		};
		7689117E2145073D00F217ED /* Debug */ = {
			isa = XCBuildConfiguration;
			buildSettings = {
				ALWAYS_EMBED_SWIFT_STANDARD_LIBRARIES = YES;
				BUNDLE_LOADER = "$(TEST_HOST)";
				CODE_SIGN_STYLE = Automatic;
				INFOPLIST_FILE = MovieDBTests/Info.plist;
				LD_RUNPATH_SEARCH_PATHS = (
					"$(inherited)",
					"@executable_path/Frameworks",
					"@loader_path/Frameworks",
				);
				PRODUCT_BUNDLE_IDENTIFIER = nl.aron.MovieDBTests;
				PRODUCT_NAME = "$(TARGET_NAME)";
				SWIFT_VERSION = 4.0;
				TARGETED_DEVICE_FAMILY = "1,2";
				TEST_HOST = "$(BUILT_PRODUCTS_DIR)/MovieDB.app/MovieDB";
			};
			name = Debug;
		};
		7689117F2145073D00F217ED /* Release */ = {
			isa = XCBuildConfiguration;
			buildSettings = {
				ALWAYS_EMBED_SWIFT_STANDARD_LIBRARIES = YES;
				BUNDLE_LOADER = "$(TEST_HOST)";
				CODE_SIGN_STYLE = Automatic;
				INFOPLIST_FILE = MovieDBTests/Info.plist;
				LD_RUNPATH_SEARCH_PATHS = (
					"$(inherited)",
					"@executable_path/Frameworks",
					"@loader_path/Frameworks",
				);
				PRODUCT_BUNDLE_IDENTIFIER = nl.aron.MovieDBTests;
				PRODUCT_NAME = "$(TARGET_NAME)";
				SWIFT_VERSION = 4.0;
				TARGETED_DEVICE_FAMILY = "1,2";
				TEST_HOST = "$(BUILT_PRODUCTS_DIR)/MovieDB.app/MovieDB";
			};
			name = Release;
		};
/* End XCBuildConfiguration section */

/* Begin XCConfigurationList section */
		768911582145073C00F217ED /* Build configuration list for PBXProject "MovieDB" */ = {
			isa = XCConfigurationList;
			buildConfigurations = (
				768911782145073D00F217ED /* Debug */,
				768911792145073D00F217ED /* Release */,
			);
			defaultConfigurationIsVisible = 0;
			defaultConfigurationName = Release;
		};
		7689117A2145073D00F217ED /* Build configuration list for PBXNativeTarget "MovieDB" */ = {
			isa = XCConfigurationList;
			buildConfigurations = (
				7689117B2145073D00F217ED /* Debug */,
				7689117C2145073D00F217ED /* Release */,
			);
			defaultConfigurationIsVisible = 0;
			defaultConfigurationName = Release;
		};
		7689117D2145073D00F217ED /* Build configuration list for PBXNativeTarget "MovieDBTests" */ = {
			isa = XCConfigurationList;
			buildConfigurations = (
				7689117E2145073D00F217ED /* Debug */,
				7689117F2145073D00F217ED /* Release */,
			);
			defaultConfigurationIsVisible = 0;
			defaultConfigurationName = Release;
		};
/* End XCConfigurationList section */
	};
	rootObject = 768911552145073C00F217ED /* Project object */;
}
